github.com/arfifa/go-say-hello v1.5.0 h1:QrK8HeGnJMyzrXFbLBSE2xySwIL+xbUAbpMZSF6SPd0=
github.com/arfifa/go-say-hello v1.5.0/go.mod h1:7bQVICzoct7rVFi706WMNDs3TvxKdWptbaqY8C9tYdg=
github.com/arfifa/go-say-hello/v2 v2.0.0 h1:bbmjHNft3R+thziD0co/CZJhHrONbdSzykdcYwJN4E0=
github.com/arfifa/go-say-hello/v2 v2.0.0/go.mod h1:zMnI3MqsjJxJVfeoDt0kZuXKsCgZtgaXFX/THYVf0n8=
